
Microsoft Visual Studio Solution File, Format Version 12.00
# Visual Studio 15
VisualStudioVersion = 15.0.27004.2009
MinimumVisualStudioVersion = 10.0.40219.1
Project("{9A19103F-16F7-4668-BE54-9A1E7A4F7556}") = "AppscoreAncestry.Web", "AppscoreAncestry.Web\AppscoreAncestry.Web.csproj", "{9FBE0051-82A8-4E71-8F85-542E2F74DB11}"
EndProject
Project("{9A19103F-16F7-4668-BE54-9A1E7A4F7556}") = "AppscoreAncestry.Domain", "AppscoreAncestry.Domain\AppscoreAncestry.Domain.csproj", "{CF35B7CE-B5D2-4B7A-B662-8B677D54DA6A}"
EndProject
Project("{9A19103F-16F7-4668-BE54-9A1E7A4F7556}") = "AppscoreAncestry.Infrastructure", "AppscoreAncestry.Infrastructure\AppscoreAncestry.Infrastructure.csproj", "{603CBCE8-16A9-43FC-B4C9-E5136A99587A}"
EndProject
Project("{2150E333-8FDC-42A3-9474-1A3956D46DE8}") = "AppscoreAncestry.Tests", "AppscoreAncestry.Tests", "{C8000414-A4AD-4E85-BFFA-86290630EB12}"
EndProject
Project("{2150E333-8FDC-42A3-9474-1A3956D46DE8}") = "AppscoreAncestry.Common", "AppscoreAncestry.Common", "{CC846E09-F153-4E7B-B8AE-9437B33391E1}"
EndProject
Project("{9A19103F-16F7-4668-BE54-9A1E7A4F7556}") = "AppscoreAncestry.Domain.Tests", "AppscoreAncestry.Tests\AppscoreAncestry.Domain.Tests\AppscoreAncestry.Domain.Tests.csproj", "{673E06F1-023E-4D60-BB42-FEDD03C4F408}"
EndProject
Project("{9A19103F-16F7-4668-BE54-9A1E7A4F7556}") = "AppscoreAncestry.Common.Domain", "AppscoreAncestry.Common\AppscoreAncestry.Common.Domain\AppscoreAncestry.Common.Domain.csproj", "{56CCEA66-EADC-45D9-B254-A44AE7BA881E}"
EndProject
Project("{9A19103F-16F7-4668-BE54-9A1E7A4F7556}") = "AppscoreAncestry.Common.UnitTest", "AppscoreAncestry.Common\AppscoreAncestry.Common.UnitTest\AppscoreAncestry.Common.UnitTest.csproj", "{C80E4EA7-C6EF-4B40-862F-5842BA01D362}"
EndProject
Global
	GlobalSection(SolutionConfigurationPlatforms) = preSolution
		Debug|Any CPU = Debug|Any CPU
		Release|Any CPU = Release|Any CPU
	EndGlobalSection
	GlobalSection(ProjectConfigurationPlatforms) = postSolution
		{9FBE0051-82A8-4E71-8F85-542E2F74DB11}.Debug|Any CPU.ActiveCfg = Debug|Any CPU
		{9FBE0051-82A8-4E71-8F85-542E2F74DB11}.Debug|Any CPU.Build.0 = Debug|Any CPU
		{9FBE0051-82A8-4E71-8F85-542E2F74DB11}.Release|Any CPU.ActiveCfg = Release|Any CPU
		{9FBE0051-82A8-4E71-8F85-542E2F74DB11}.Release|Any CPU.Build.0 = Release|Any CPU
		{CF35B7CE-B5D2-4B7A-B662-8B677D54DA6A}.Debug|Any CPU.ActiveCfg = Debug|Any CPU
		{CF35B7CE-B5D2-4B7A-B662-8B677D54DA6A}.Debug|Any CPU.Build.0 = Debug|Any CPU
		{CF35B7CE-B5D2-4B7A-B662-8B677D54DA6A}.Release|Any CPU.ActiveCfg = Release|Any CPU
		{CF35B7CE-B5D2-4B7A-B662-8B677D54DA6A}.Release|Any CPU.Build.0 = Release|Any CPU
		{603CBCE8-16A9-43FC-B4C9-E5136A99587A}.Debug|Any CPU.ActiveCfg = Debug|Any CPU
		{603CBCE8-16A9-43FC-B4C9-E5136A99587A}.Debug|Any CPU.Build.0 = Debug|Any CPU
		{603CBCE8-16A9-43FC-B4C9-E5136A99587A}.Release|Any CPU.ActiveCfg = Release|Any CPU
		{603CBCE8-16A9-43FC-B4C9-E5136A99587A}.Release|Any CPU.Build.0 = Release|Any CPU
		{673E06F1-023E-4D60-BB42-FEDD03C4F408}.Debug|Any CPU.ActiveCfg = Debug|Any CPU
		{673E06F1-023E-4D60-BB42-FEDD03C4F408}.Debug|Any CPU.Build.0 = Debug|Any CPU
		{673E06F1-023E-4D60-BB42-FEDD03C4F408}.Release|Any CPU.ActiveCfg = Release|Any CPU
		{673E06F1-023E-4D60-BB42-FEDD03C4F408}.Release|Any CPU.Build.0 = Release|Any CPU
		{56CCEA66-EADC-45D9-B254-A44AE7BA881E}.Debug|Any CPU.ActiveCfg = Debug|Any CPU
		{56CCEA66-EADC-45D9-B254-A44AE7BA881E}.Debug|Any CPU.Build.0 = Debug|Any CPU
		{56CCEA66-EADC-45D9-B254-A44AE7BA881E}.Release|Any CPU.ActiveCfg = Release|Any CPU
		{56CCEA66-EADC-45D9-B254-A44AE7BA881E}.Release|Any CPU.Build.0 = Release|Any CPU
		{C80E4EA7-C6EF-4B40-862F-5842BA01D362}.Debug|Any CPU.ActiveCfg = Debug|Any CPU
		{C80E4EA7-C6EF-4B40-862F-5842BA01D362}.Debug|Any CPU.Build.0 = Debug|Any CPU
		{C80E4EA7-C6EF-4B40-862F-5842BA01D362}.Release|Any CPU.ActiveCfg = Release|Any CPU
		{C80E4EA7-C6EF-4B40-862F-5842BA01D362}.Release|Any CPU.Build.0 = Release|Any CPU
	EndGlobalSection
	GlobalSection(SolutionProperties) = preSolution
		HideSolutionNode = FALSE
	EndGlobalSection
	GlobalSection(NestedProjects) = preSolution
		{673E06F1-023E-4D60-BB42-FEDD03C4F408} = {C8000414-A4AD-4E85-BFFA-86290630EB12}
		{56CCEA66-EADC-45D9-B254-A44AE7BA881E} = {CC846E09-F153-4E7B-B8AE-9437B33391E1}
		{C80E4EA7-C6EF-4B40-862F-5842BA01D362} = {CC846E09-F153-4E7B-B8AE-9437B33391E1}
	EndGlobalSection
	GlobalSection(ExtensibilityGlobals) = postSolution
		SolutionGuid = {C7C373F5-31EF-4386-BB77-41E25C66AE30}
	EndGlobalSection
EndGlobal
